
Microsoft Visual Studio Solution File, Format Version 12.00
# Visual Studio 14
VisualStudioVersion = 14.0.25420.1
MinimumVisualStudioVersion = 10.0.40219.1
Project("{FAE04EC0-301F-11D3-BF4B-00C04F79EFBC}") = "ExemploAPI", "ExemploAPI-CS\ExemploAPI.csproj", "{4048E79D-99DE-4556-AD7B-4D6BFF9A8692}"
EndProject
Project("{FAE04EC0-301F-11D3-BF4B-00C04F79EFBC}") = "AbrePorta", "AbrePorta-CS\AbrePorta.csproj", "{5F13E7CE-7047-416B-9520-7D0702A20348}"
EndProject
Project("{FAE04EC0-301F-11D3-BF4B-00C04F79EFBC}") = "ControleRemoto", "ControleRemoto-CS\ControleRemoto.csproj", "{B88ED92E-4AEE-409C-8492-58ED1DBC0C42}"
EndProject
Project("{FAE04EC0-301F-11D3-BF4B-00C04F79EFBC}") = "Innovatrics", "Innovatrics-CS\Innovatrics.csproj", "{06CED95E-9497-4459-8F22-1986165C08E9}"
EndProject
Project("{FAE04EC0-301F-11D3-BF4B-00C04F79EFBC}") = "Test-iDAccess", "test-CS\Test-iDAccess.csproj", "{73267F0C-39DA-4169-AE8C-1DA0702C4683}"
EndProject
Global
	GlobalSection(SolutionConfigurationPlatforms) = preSolution
		Debug|Any CPU = Debug|Any CPU
		Release|Any CPU = Release|Any CPU
	EndGlobalSection
	GlobalSection(ProjectConfigurationPlatforms) = postSolution
		{4048E79D-99DE-4556-AD7B-4D6BFF9A8692}.Debug|Any CPU.ActiveCfg = Debug|Any CPU
		{4048E79D-99DE-4556-AD7B-4D6BFF9A8692}.Debug|Any CPU.Build.0 = Debug|Any CPU
		{4048E79D-99DE-4556-AD7B-4D6BFF9A8692}.Release|Any CPU.ActiveCfg = Release|Any CPU
		{4048E79D-99DE-4556-AD7B-4D6BFF9A8692}.Release|Any CPU.Build.0 = Release|Any CPU
		{5F13E7CE-7047-416B-9520-7D0702A20348}.Debug|Any CPU.ActiveCfg = Debug|Any CPU
		{5F13E7CE-7047-416B-9520-7D0702A20348}.Debug|Any CPU.Build.0 = Debug|Any CPU
		{5F13E7CE-7047-416B-9520-7D0702A20348}.Release|Any CPU.ActiveCfg = Release|Any CPU
		{5F13E7CE-7047-416B-9520-7D0702A20348}.Release|Any CPU.Build.0 = Release|Any CPU
		{B88ED92E-4AEE-409C-8492-58ED1DBC0C42}.Debug|Any CPU.ActiveCfg = Debug|Any CPU
		{B88ED92E-4AEE-409C-8492-58ED1DBC0C42}.Debug|Any CPU.Build.0 = Debug|Any CPU
		{B88ED92E-4AEE-409C-8492-58ED1DBC0C42}.Release|Any CPU.ActiveCfg = Release|Any CPU
		{B88ED92E-4AEE-409C-8492-58ED1DBC0C42}.Release|Any CPU.Build.0 = Release|Any CPU
		{06CED95E-9497-4459-8F22-1986165C08E9}.Debug|Any CPU.ActiveCfg = Debug|Any CPU
		{06CED95E-9497-4459-8F22-1986165C08E9}.Debug|Any CPU.Build.0 = Debug|Any CPU
		{06CED95E-9497-4459-8F22-1986165C08E9}.Release|Any CPU.ActiveCfg = Release|Any CPU
		{06CED95E-9497-4459-8F22-1986165C08E9}.Release|Any CPU.Build.0 = Release|Any CPU
		{73267F0C-39DA-4169-AE8C-1DA0702C4683}.Debug|Any CPU.ActiveCfg = Debug|Any CPU
		{73267F0C-39DA-4169-AE8C-1DA0702C4683}.Debug|Any CPU.Build.0 = Debug|Any CPU
		{73267F0C-39DA-4169-AE8C-1DA0702C4683}.Release|Any CPU.ActiveCfg = Release|Any CPU
		{73267F0C-39DA-4169-AE8C-1DA0702C4683}.Release|Any CPU.Build.0 = Release|Any CPU
	EndGlobalSection
	GlobalSection(SolutionProperties) = preSolution
		HideSolutionNode = FALSE
	EndGlobalSection
EndGlobal
