
Microsoft Visual Studio Solution File, Format Version 12.00
# Visual Studio 15
VisualStudioVersion = 15.0.27004.2002
MinimumVisualStudioVersion = 10.0.40219.1
Project("{FAE04EC0-301F-11D3-BF4B-00C04F79EFBC}") = "sdkAcesso", "sdkAcesso.csproj", "{7A77F564-AD1D-470B-938E-5178198E87EF}"
EndProject
Project("{FAE04EC0-301F-11D3-BF4B-00C04F79EFBC}") = "TestSDK", "..\TestSDK\TestSDK.csproj", "{77773979-8F7B-426A-B49C-F91CC37EFDF4}"
EndProject
Global
	GlobalSection(SolutionConfigurationPlatforms) = preSolution
		Debug|Any CPU = Debug|Any CPU
		Release|Any CPU = Release|Any CPU
	EndGlobalSection
	GlobalSection(ProjectConfigurationPlatforms) = postSolution
		{7A77F564-AD1D-470B-938E-5178198E87EF}.Debug|Any CPU.ActiveCfg = Debug|Any CPU
		{7A77F564-AD1D-470B-938E-5178198E87EF}.Debug|Any CPU.Build.0 = Debug|Any CPU
		{7A77F564-AD1D-470B-938E-5178198E87EF}.Release|Any CPU.ActiveCfg = Release|Any CPU
		{7A77F564-AD1D-470B-938E-5178198E87EF}.Release|Any CPU.Build.0 = Release|Any CPU
		{77773979-8F7B-426A-B49C-F91CC37EFDF4}.Debug|Any CPU.ActiveCfg = Debug|Any CPU
		{77773979-8F7B-426A-B49C-F91CC37EFDF4}.Debug|Any CPU.Build.0 = Debug|Any CPU
		{77773979-8F7B-426A-B49C-F91CC37EFDF4}.Release|Any CPU.ActiveCfg = Release|Any CPU
		{77773979-8F7B-426A-B49C-F91CC37EFDF4}.Release|Any CPU.Build.0 = Release|Any CPU
	EndGlobalSection
	GlobalSection(SolutionProperties) = preSolution
		HideSolutionNode = FALSE
	EndGlobalSection
	GlobalSection(ExtensibilityGlobals) = postSolution
		SolutionGuid = {D7E0565C-3E44-4FE9-84DF-41DA53AF1BD0}
	EndGlobalSection
EndGlobal
